{"1.2.0",
[{<<"ibrowse">>,{pkg,<<"ibrowse">>,<<"4.4.1">>},0},
 {<<"jsone">>,{pkg,<<"jsone">>,<<"1.5.7">>},0}]}.
[
{pkg_hash,[
 {<<"ibrowse">>, <<"2B7D0637B0F8B9B4182DE4BD0F2E826A4DA2C9B04898B6E15659BA921A8D6EC2">>},
 {<<"jsone">>, <<"036EC290BF3B2B3348B2EEC199A0FCDA62CE296AB6B736A403A6A440C5203618">>}]},
{pkg_hash_ext,[
 {<<"ibrowse">>, <<"1E86C591DBC6D270632625534986BECA30813AF7CE784E742E5FC38E342C29B3">>},
 {<<"jsone">>, <<"5F146CBF953469667EEE145FB066D6EE6B9B181BCFD547295317526E7464D732">>}]}
].
